<?xml version="1.0" encoding="utf-8"?>
<Project ToolsVersion="4.0" xmlns="http://schemas.microsoft.com/developer/msbuild/2003">
  <ItemGroup>
    <Filter Include="Source Files">
      <UniqueIdentifier>{c47a987a-0dd3-465c-89da-eb1501345923}</UniqueIdentifier>
      <Extensions>cpp;c;cxx;rc;def;r;odl;hpj;bat;for;f90</Extensions>
    </Filter>
    <Filter Include="Resource Files">
      <UniqueIdentifier>{ff754d8b-ece7-4200-b057-90fa9108527e}</UniqueIdentifier>
      <Extensions>ico;cur;bmp;dlg;rc2;rct;bin;cnt;rtf;gif;jpg;jpeg;jpe</Extensions>
    </Filter>
    <Filter Include="Header Files">
      <UniqueIdentifier>{b1db69bb-dd23-4eac-a468-147b187a3012}</UniqueIdentifier>
      <Extensions>h;hpp;hxx;hm;inl;fi;fd</Extensions>
    </Filter>
  </ItemGroup>
  <ItemGroup>
    <ClCompile Include="dllmain.cpp">
      <Filter>Source Files</Filter>
    </ClCompile>
    <ClCompile Include="webglpch.cpp">
      <Filter>Source Files</Filter>
    </ClCompile>
    <ClCompile Include="webglexp.cpp">
      <Filter>Source Files</Filter>
    </ClCompile>
    <ClCompile Include="webgl2.cpp">
      <Filter>Source Files</Filter>
    </ClCompile>
  </ItemGroup>
  <ItemGroup>
    <None Include="animcurs.cur">
      <Filter>Resource Files</Filter>
    </None>
    <None Include="CROSSHR1.CUR">
      <Filter>Resource Files</Filter>
    </None>
    <None Include="dmtlbut.bmp">
      <Filter>Resource Files</Filter>
    </None>
    <None Include="dmtlmsk.bmp">
      <Filter>Resource Files</Filter>
    </None>
    <None Include="lodcurs.cur">
      <Filter>Resource Files</Filter>
    </None>
    <None Include="webgl.def">
      <Filter>Source Files</Filter>
    </None>
  </ItemGroup>
  <ItemGroup>
    <ResourceCompile Include="webgl.rc">
      <Filter>Source Files</Filter>
    </ResourceCompile>
  </ItemGroup>
</Project>